// !$*UTF8*$!
{
	archiveVersion = 1;
	classes = {
	};
	objectVersion = 50;
	objects = {

/* Begin PBXBuildFile section */
		3C44CC1238191AEF136A5FAB /* Pods_oWall.framework in Frameworks */ = {isa = PBXBuildFile; fileRef = A9BFBEB0FC4AFB7969D99102 /* Pods_oWall.framework */; };
		7D186BCF216F98C5001B6F1A /* Bilgiler.swift in Sources */ = {isa = PBXBuildFile; fileRef = 7D186BCE216F98C5001B6F1A /* Bilgiler.swift */; };
		7D32FD49216BE5970071FCA8 /* FullImageVC.swift in Sources */ = {isa = PBXBuildFile; fileRef = 7D32FD48216BE5970071FCA8 /* FullImageVC.swift */; };
		7DC26DCC216A243B0004FABB /* AppDelegate.swift in Sources */ = {isa = PBXBuildFile; fileRef = 7DC26DCB216A243B0004FABB /* AppDelegate.swift */; };
		7DC26DD1216A243B0004FABB /* Main.storyboard in Resources */ = {isa = PBXBuildFile; fileRef = 7DC26DCF216A243B0004FABB /* Main.storyboard */; };
		7DC26DD3216A243C0004FABB /* Assets.xcassets in Resources */ = {isa = PBXBuildFile; fileRef = 7DC26DD2216A243C0004FABB /* Assets.xcassets */; };
		7DC26DD6216A243C0004FABB /* LaunchScreen.storyboard in Resources */ = {isa = PBXBuildFile; fileRef = 7DC26DD4216A243C0004FABB /* LaunchScreen.storyboard */; };
		7DC26DDE216A252D0004FABB /* oWallCollectionVC.swift in Sources */ = {isa = PBXBuildFile; fileRef = 7DC26DDD216A252D0004FABB /* oWallCollectionVC.swift */; };
		7DC26DE0216A25780004FABB /* oWallCell.swift in Sources */ = {isa = PBXBuildFile; fileRef = 7DC26DDF216A25780004FABB /* oWallCell.swift */; };
/* End PBXBuildFile section */

/* Begin PBXFileReference section */
		000EDB1BD96BA8893E256984 /* Pods-oWall.debug.xcconfig */ = {isa = PBXFileReference; includeInIndex = 1; lastKnownFileType = text.xcconfig; name = "Pods-oWall.debug.xcconfig"; path = "Pods/Target Support Files/Pods-oWall/Pods-oWall.debug.xcconfig"; sourceTree = "<group>"; };
		7D186BCE216F98C5001B6F1A /* Bilgiler.swift */ = {isa = PBXFileReference; lastKnownFileType = sourcecode.swift; path = Bilgiler.swift; sourceTree = "<group>"; };
		7D32FD48216BE5970071FCA8 /* FullImageVC.swift */ = {isa = PBXFileReference; lastKnownFileType = sourcecode.swift; path = FullImageVC.swift; sourceTree = "<group>"; };
		7DC26DC8216A243A0004FABB /* oWall.app */ = {isa = PBXFileReference; explicitFileType = wrapper.application; includeInIndex = 0; path = oWall.app; sourceTree = BUILT_PRODUCTS_DIR; };
		7DC26DCB216A243B0004FABB /* AppDelegate.swift */ = {isa = PBXFileReference; lastKnownFileType = sourcecode.swift; path = AppDelegate.swift; sourceTree = "<group>"; };
		7DC26DD0216A243B0004FABB /* Base */ = {isa = PBXFileReference; lastKnownFileType = file.storyboard; name = Base; path = Base.lproj/Main.storyboard; sourceTree = "<group>"; };
		7DC26DD2216A243C0004FABB /* Assets.xcassets */ = {isa = PBXFileReference; lastKnownFileType = folder.assetcatalog; path = Assets.xcassets; sourceTree = "<group>"; };
		7DC26DD5216A243C0004FABB /* Base */ = {isa = PBXFileReference; lastKnownFileType = file.storyboard; name = Base; path = Base.lproj/LaunchScreen.storyboard; sourceTree = "<group>"; };
		7DC26DD7216A243C0004FABB /* Info.plist */ = {isa = PBXFileReference; lastKnownFileType = text.plist.xml; path = Info.plist; sourceTree = "<group>"; };
		7DC26DDD216A252D0004FABB /* oWallCollectionVC.swift */ = {isa = PBXFileReference; lastKnownFileType = sourcecode.swift; path = oWallCollectionVC.swift; sourceTree = "<group>"; };
		7DC26DDF216A25780004FABB /* oWallCell.swift */ = {isa = PBXFileReference; lastKnownFileType = sourcecode.swift; path = oWallCell.swift; sourceTree = "<group>"; };
		A9BFBEB0FC4AFB7969D99102 /* Pods_oWall.framework */ = {isa = PBXFileReference; explicitFileType = wrapper.framework; includeInIndex = 0; path = Pods_oWall.framework; sourceTree = BUILT_PRODUCTS_DIR; };
		D5E0D5DBD8AB967FEEA7AA6C /* Pods-oWall.release.xcconfig */ = {isa = PBXFileReference; includeInIndex = 1; lastKnownFileType = text.xcconfig; name = "Pods-oWall.release.xcconfig"; path = "Pods/Target Support Files/Pods-oWall/Pods-oWall.release.xcconfig"; sourceTree = "<group>"; };
/* End PBXFileReference section */

/* Begin PBXFrameworksBuildPhase section */
		7DC26DC5216A243A0004FABB /* Frameworks */ = {
			isa = PBXFrameworksBuildPhase;
			buildActionMask = 2147483647;
			files = (
				3C44CC1238191AEF136A5FAB /* Pods_oWall.framework in Frameworks */,
			);
			runOnlyForDeploymentPostprocessing = 0;
		};
/* End PBXFrameworksBuildPhase section */

/* Begin PBXGroup section */
		52B46A04546125C159A0699C /* Frameworks */ = {
			isa = PBXGroup;
			children = (
				A9BFBEB0FC4AFB7969D99102 /* Pods_oWall.framework */,
			);
			name = Frameworks;
			sourceTree = "<group>";
		};
		7D32FD4A216BE5A80071FCA8 /* Controllers */ = {
			isa = PBXGroup;
			children = (
				7DC26DCB216A243B0004FABB /* AppDelegate.swift */,
				7DC26DDD216A252D0004FABB /* oWallCollectionVC.swift */,
				7DC26DDF216A25780004FABB /* oWallCell.swift */,
				7D32FD48216BE5970071FCA8 /* FullImageVC.swift */,
				7D186BCE216F98C5001B6F1A /* Bilgiler.swift */,
			);
			path = Controllers;
			sourceTree = "<group>";
		};
		7D32FD4B216BE5BF0071FCA8 /* Views */ = {
			isa = PBXGroup;
			children = (
				7DC26DCF216A243B0004FABB /* Main.storyboard */,
				7DC26DD4216A243C0004FABB /* LaunchScreen.storyboard */,
			);
			path = Views;
			sourceTree = "<group>";
		};
		7DC26DBF216A243A0004FABB = {
			isa = PBXGroup;
			children = (
				7DC26DCA216A243A0004FABB /* oWall */,
				7DC26DC9216A243A0004FABB /* Products */,
				E19096BDF81934DBF90BA6D2 /* Pods */,
				52B46A04546125C159A0699C /* Frameworks */,
			);
			sourceTree = "<group>";
		};
		7DC26DC9216A243A0004FABB /* Products */ = {
			isa = PBXGroup;
			children = (
				7DC26DC8216A243A0004FABB /* oWall.app */,
			);
			name = Products;
			sourceTree = "<group>";
		};
		7DC26DCA216A243A0004FABB /* oWall */ = {
			isa = PBXGroup;
			children = (
				7D32FD4A216BE5A80071FCA8 /* Controllers */,
				7D32FD4B216BE5BF0071FCA8 /* Views */,
				7DC26DD2216A243C0004FABB /* Assets.xcassets */,
				7DC26DD7216A243C0004FABB /* Info.plist */,
			);
			path = oWall;
			sourceTree = "<group>";
		};
		E19096BDF81934DBF90BA6D2 /* Pods */ = {
			isa = PBXGroup;
			children = (
				000EDB1BD96BA8893E256984 /* Pods-oWall.debug.xcconfig */,
				D5E0D5DBD8AB967FEEA7AA6C /* Pods-oWall.release.xcconfig */,
			);
			name = Pods;
			sourceTree = "<group>";
		};
/* End PBXGroup section */

/* Begin PBXNativeTarget section */
		7DC26DC7216A243A0004FABB /* oWall */ = {
			isa = PBXNativeTarget;
			buildConfigurationList = 7DC26DDA216A243C0004FABB /* Build configuration list for PBXNativeTarget "oWall" */;
			buildPhases = (
				EC54B16446DAEE5AA8E01147 /* [CP] Check Pods Manifest.lock */,
				7DC26DC4216A243A0004FABB /* Sources */,
				7DC26DC5216A243A0004FABB /* Frameworks */,
				7DC26DC6216A243A0004FABB /* Resources */,
				6A8EA1B59321D4284BEAE063 /* [CP] Embed Pods Frameworks */,
			);
			buildRules = (
			);
			dependencies = (
			);
			name = oWall;
			productName = oWall;
			productReference = 7DC26DC8216A243A0004FABB /* oWall.app */;
			productType = "com.apple.product-type.application";
		};
/* End PBXNativeTarget section */

/* Begin PBXProject section */
		7DC26DC0216A243A0004FABB /* Project object */ = {
			isa = PBXProject;
			attributes = {
				LastSwiftUpdateCheck = 1000;
				LastUpgradeCheck = 1000;
				ORGANIZATIONNAME = "Mehmet Yazık";
				TargetAttributes = {
					7DC26DC7216A243A0004FABB = {
						CreatedOnToolsVersion = 10.0;
					};
				};
			};
			buildConfigurationList = 7DC26DC3216A243A0004FABB /* Build configuration list for PBXProject "oWall" */;
			compatibilityVersion = "Xcode 9.3";
			developmentRegion = en;
			hasScannedForEncodings = 0;
			knownRegions = (
				en,
				Base,
			);
			mainGroup = 7DC26DBF216A243A0004FABB;
			productRefGroup = 7DC26DC9216A243A0004FABB /* Products */;
			projectDirPath = "";
			projectRoot = "";
			targets = (
				7DC26DC7216A243A0004FABB /* oWall */,
			);
		};
/* End PBXProject section */

/* Begin PBXResourcesBuildPhase section */
		7DC26DC6216A243A0004FABB /* Resources */ = {
			isa = PBXResourcesBuildPhase;
			buildActionMask = 2147483647;
			files = (
				7DC26DD6216A243C0004FABB /* LaunchScreen.storyboard in Resources */,
				7DC26DD3216A243C0004FABB /* Assets.xcassets in Resources */,
				7DC26DD1216A243B0004FABB /* Main.storyboard in Resources */,
			);
			runOnlyForDeploymentPostprocessing = 0;
		};
/* End PBXResourcesBuildPhase section */

/* Begin PBXShellScriptBuildPhase section */
		6A8EA1B59321D4284BEAE063 /* [CP] Embed Pods Frameworks */ = {
			isa = PBXShellScriptBuildPhase;
			buildActionMask = 2147483647;
			files = (
			);
			inputFileListPaths = (
			);
			inputPaths = (
				"${SRCROOT}/Pods/Target Support Files/Pods-oWall/Pods-oWall-frameworks.sh",
				"${BUILT_PRODUCTS_DIR}/Alamofire/Alamofire.framework",
				"${BUILT_PRODUCTS_DIR}/AlamofireImage/AlamofireImage.framework",
			);
			name = "[CP] Embed Pods Frameworks";
			outputFileListPaths = (
			);
			outputPaths = (
				"${TARGET_BUILD_DIR}/${FRAMEWORKS_FOLDER_PATH}/Alamofire.framework",
				"${TARGET_BUILD_DIR}/${FRAMEWORKS_FOLDER_PATH}/AlamofireImage.framework",
			);
			runOnlyForDeploymentPostprocessing = 0;
			shellPath = /bin/sh;
			shellScript = "\"${SRCROOT}/Pods/Target Support Files/Pods-oWall/Pods-oWall-frameworks.sh\"\n";
			showEnvVarsInLog = 0;
		};
		EC54B16446DAEE5AA8E01147 /* [CP] Check Pods Manifest.lock */ = {
			isa = PBXShellScriptBuildPhase;
			buildActionMask = 2147483647;
			files = (
			);
			inputFileListPaths = (
			);
			inputPaths = (
				"${PODS_PODFILE_DIR_PATH}/Podfile.lock",
				"${PODS_ROOT}/Manifest.lock",
			);
			name = "[CP] Check Pods Manifest.lock";
			outputFileListPaths = (
			);
			outputPaths = (
				"$(DERIVED_FILE_DIR)/Pods-oWall-checkManifestLockResult.txt",
			);
			runOnlyForDeploymentPostprocessing = 0;
			shellPath = /bin/sh;
			shellScript = "diff \"${PODS_PODFILE_DIR_PATH}/Podfile.lock\" \"${PODS_ROOT}/Manifest.lock\" > /dev/null\nif [ $? != 0 ] ; then\n    # print error to STDERR\n    echo \"error: The sandbox is not in sync with the Podfile.lock. Run 'pod install' or update your CocoaPods installation.\" >&2\n    exit 1\nfi\n# This output is used by Xcode 'outputs' to avoid re-running this script phase.\necho \"SUCCESS\" > \"${SCRIPT_OUTPUT_FILE_0}\"\n";
			showEnvVarsInLog = 0;
		};
/* End PBXShellScriptBuildPhase section */

/* Begin PBXSourcesBuildPhase section */
		7DC26DC4216A243A0004FABB /* Sources */ = {
			isa = PBXSourcesBuildPhase;
			buildActionMask = 2147483647;
			files = (
				7DC26DDE216A252D0004FABB /* oWallCollectionVC.swift in Sources */,
				7D186BCF216F98C5001B6F1A /* Bilgiler.swift in Sources */,
				7DC26DCC216A243B0004FABB /* AppDelegate.swift in Sources */,
				7DC26DE0216A25780004FABB /* oWallCell.swift in Sources */,
				7D32FD49216BE5970071FCA8 /* FullImageVC.swift in Sources */,
			);
			runOnlyForDeploymentPostprocessing = 0;
		};
/* End PBXSourcesBuildPhase section */

/* Begin PBXVariantGroup section */
		7DC26DCF216A243B0004FABB /* Main.storyboard */ = {
			isa = PBXVariantGroup;
			children = (
				7DC26DD0216A243B0004FABB /* Base */,
			);
			name = Main.storyboard;
			sourceTree = "<group>";
		};
		7DC26DD4216A243C0004FABB /* LaunchScreen.storyboard */ = {
			isa = PBXVariantGroup;
			children = (
				7DC26DD5216A243C0004FABB /* Base */,
			);
			name = LaunchScreen.storyboard;
			sourceTree = "<group>";
		};
/* End PBXVariantGroup section */

/* Begin XCBuildConfiguration section */
		7DC26DD8216A243C0004FABB /* Debug */ = {
			isa = XCBuildConfiguration;
			buildSettings = {
				ALWAYS_SEARCH_USER_PATHS = NO;
				CLANG_ANALYZER_NONNULL = YES;
				CLANG_ANALYZER_NUMBER_OBJECT_CONVERSION = YES_AGGRESSIVE;
				CLANG_CXX_LANGUAGE_STANDARD = "gnu++14";
				CLANG_CXX_LIBRARY = "libc++";
				CLANG_ENABLE_MODULES = YES;
				CLANG_ENABLE_OBJC_ARC = YES;
				CLANG_ENABLE_OBJC_WEAK = YES;
				CLANG_WARN_BLOCK_CAPTURE_AUTORELEASING = YES;
				CLANG_WARN_BOOL_CONVERSION = YES;
				CLANG_WARN_COMMA = YES;
				CLANG_WARN_CONSTANT_CONVERSION = YES;
				CLANG_WARN_DEPRECATED_OBJC_IMPLEMENTATIONS = YES;
				CLANG_WARN_DIRECT_OBJC_ISA_USAGE = YES_ERROR;
				CLANG_WARN_DOCUMENTATION_COMMENTS = YES;
				CLANG_WARN_EMPTY_BODY = YES;
				CLANG_WARN_ENUM_CONVERSION = YES;
				CLANG_WARN_INFINITE_RECURSION = YES;
				CLANG_WARN_INT_CONVERSION = YES;
				CLANG_WARN_NON_LITERAL_NULL_CONVERSION = YES;
				CLANG_WARN_OBJC_IMPLICIT_RETAIN_SELF = YES;
				CLANG_WARN_OBJC_LITERAL_CONVERSION = YES;
				CLANG_WARN_OBJC_ROOT_CLASS = YES_ERROR;
				CLANG_WARN_RANGE_LOOP_ANALYSIS = YES;
				CLANG_WARN_STRICT_PROTOTYPES = YES;
				CLANG_WARN_SUSPICIOUS_MOVE = YES;
				CLANG_WARN_UNGUARDED_AVAILABILITY = YES_AGGRESSIVE;
				CLANG_WARN_UNREACHABLE_CODE = YES;
				CLANG_WARN__DUPLICATE_METHOD_MATCH = YES;
				CODE_SIGN_IDENTITY = "iPhone Developer";
				COPY_PHASE_STRIP = NO;
				DEBUG_INFORMATION_FORMAT = dwarf;
				ENABLE_STRICT_OBJC_MSGSEND = YES;
				ENABLE_TESTABILITY = YES;
				GCC_C_LANGUAGE_STANDARD = gnu11;
				GCC_DYNAMIC_NO_PIC = NO;
				GCC_NO_COMMON_BLOCKS = YES;
				GCC_OPTIMIZATION_LEVEL = 0;
				GCC_PREPROCESSOR_DEFINITIONS = (
					"DEBUG=1",
					"$(inherited)",
				);
				GCC_WARN_64_TO_32_BIT_CONVERSION = YES;
				GCC_WARN_ABOUT_RETURN_TYPE = YES_ERROR;
				GCC_WARN_UNDECLARED_SELECTOR = YES;
				GCC_WARN_UNINITIALIZED_AUTOS = YES_AGGRESSIVE;
				GCC_WARN_UNUSED_FUNCTION = YES;
				GCC_WARN_UNUSED_VARIABLE = YES;
				IPHONEOS_DEPLOYMENT_TARGET = 12.0;
				MTL_ENABLE_DEBUG_INFO = INCLUDE_SOURCE;
				MTL_FAST_MATH = YES;
				ONLY_ACTIVE_ARCH = YES;
				SDKROOT = iphoneos;
				SWIFT_ACTIVE_COMPILATION_CONDITIONS = DEBUG;
				SWIFT_OPTIMIZATION_LEVEL = "-Onone";
			};
			name = Debug;
		};
		7DC26DD9216A243C0004FABB /* Release */ = {
			isa = XCBuildConfiguration;
			buildSettings = {
				ALWAYS_SEARCH_USER_PATHS = NO;
				CLANG_ANALYZER_NONNULL = YES;
				CLANG_ANALYZER_NUMBER_OBJECT_CONVERSION = YES_AGGRESSIVE;
				CLANG_CXX_LANGUAGE_STANDARD = "gnu++14";
				CLANG_CXX_LIBRARY = "libc++";
				CLANG_ENABLE_MODULES = YES;
				CLANG_ENABLE_OBJC_ARC = YES;
				CLANG_ENABLE_OBJC_WEAK = YES;
				CLANG_WARN_BLOCK_CAPTURE_AUTORELEASING = YES;
				CLANG_WARN_BOOL_CONVERSION = YES;
				CLANG_WARN_COMMA = YES;
				CLANG_WARN_CONSTANT_CONVERSION = YES;
				CLANG_WARN_DEPRECATED_OBJC_IMPLEMENTATIONS = YES;
				CLANG_WARN_DIRECT_OBJC_ISA_USAGE = YES_ERROR;
				CLANG_WARN_DOCUMENTATION_COMMENTS = YES;
				CLANG_WARN_EMPTY_BODY = YES;
				CLANG_WARN_ENUM_CONVERSION = YES;
				CLANG_WARN_INFINITE_RECURSION = YES;
				CLANG_WARN_INT_CONVERSION = YES;
				CLANG_WARN_NON_LITERAL_NULL_CONVERSION = YES;
				CLANG_WARN_OBJC_IMPLICIT_RETAIN_SELF = YES;
				CLANG_WARN_OBJC_LITERAL_CONVERSION = YES;
				CLANG_WARN_OBJC_ROOT_CLASS = YES_ERROR;
				CLANG_WARN_RANGE_LOOP_ANALYSIS = YES;
				CLANG_WARN_STRICT_PROTOTYPES = YES;
				CLANG_WARN_SUSPICIOUS_MOVE = YES;
				CLANG_WARN_UNGUARDED_AVAILABILITY = YES_AGGRESSIVE;
				CLANG_WARN_UNREACHABLE_CODE = YES;
				CLANG_WARN__DUPLICATE_METHOD_MATCH = YES;
				CODE_SIGN_IDENTITY = "iPhone Developer";
				COPY_PHASE_STRIP = NO;
				DEBUG_INFORMATION_FORMAT = "dwarf-with-dsym";
				ENABLE_NS_ASSERTIONS = NO;
				ENABLE_STRICT_OBJC_MSGSEND = YES;
				GCC_C_LANGUAGE_STANDARD = gnu11;
				GCC_NO_COMMON_BLOCKS = YES;
				GCC_WARN_64_TO_32_BIT_CONVERSION = YES;
				GCC_WARN_ABOUT_RETURN_TYPE = YES_ERROR;
				GCC_WARN_UNDECLARED_SELECTOR = YES;
				GCC_WARN_UNINITIALIZED_AUTOS = YES_AGGRESSIVE;
				GCC_WARN_UNUSED_FUNCTION = YES;
				GCC_WARN_UNUSED_VARIABLE = YES;
				IPHONEOS_DEPLOYMENT_TARGET = 12.0;
				MTL_ENABLE_DEBUG_INFO = NO;
				MTL_FAST_MATH = YES;
				SDKROOT = iphoneos;
				SWIFT_COMPILATION_MODE = wholemodule;
				SWIFT_OPTIMIZATION_LEVEL = "-O";
				VALIDATE_PRODUCT = YES;
			};
			name = Release;
		};
		7DC26DDB216A243C0004FABB /* Debug */ = {
			isa = XCBuildConfiguration;
			baseConfigurationReference = 000EDB1BD96BA8893E256984 /* Pods-oWall.debug.xcconfig */;
			buildSettings = {
				ASSETCATALOG_COMPILER_APPICON_NAME = AppIcon;
				CODE_SIGN_STYLE = Automatic;
				DEVELOPMENT_TEAM = 84JVN5STNJ;
				INFOPLIST_FILE = oWall/Info.plist;
				LD_RUNPATH_SEARCH_PATHS = (
					"$(inherited)",
					"@executable_path/Frameworks",
				);
				PRODUCT_BUNDLE_IDENTIFIER = com.meyaz.oWall;
				PRODUCT_NAME = "$(TARGET_NAME)";
				SWIFT_VERSION = 4.2;
				TARGETED_DEVICE_FAMILY = "1,2";
			};
			name = Debug;
		};
		7DC26DDC216A243C0004FABB /* Release */ = {
			isa = XCBuildConfiguration;
			baseConfigurationReference = D5E0D5DBD8AB967FEEA7AA6C /* Pods-oWall.release.xcconfig */;
			buildSettings = {
				ASSETCATALOG_COMPILER_APPICON_NAME = AppIcon;
				CODE_SIGN_STYLE = Automatic;
				DEVELOPMENT_TEAM = 84JVN5STNJ;
				INFOPLIST_FILE = oWall/Info.plist;
				LD_RUNPATH_SEARCH_PATHS = (
					"$(inherited)",
					"@executable_path/Frameworks",
				);
				PRODUCT_BUNDLE_IDENTIFIER = com.meyaz.oWall;
				PRODUCT_NAME = "$(TARGET_NAME)";
				SWIFT_VERSION = 4.2;
				TARGETED_DEVICE_FAMILY = "1,2";
			};
			name = Release;
		};
/* End XCBuildConfiguration section */

/* Begin XCConfigurationList section */
		7DC26DC3216A243A0004FABB /* Build configuration list for PBXProject "oWall" */ = {
			isa = XCConfigurationList;
			buildConfigurations = (
				7DC26DD8216A243C0004FABB /* Debug */,
				7DC26DD9216A243C0004FABB /* Release */,
			);
			defaultConfigurationIsVisible = 0;
			defaultConfigurationName = Release;
		};
		7DC26DDA216A243C0004FABB /* Build configuration list for PBXNativeTarget "oWall" */ = {
			isa = XCConfigurationList;
			buildConfigurations = (
				7DC26DDB216A243C0004FABB /* Debug */,
				7DC26DDC216A243C0004FABB /* Release */,
			);
			defaultConfigurationIsVisible = 0;
			defaultConfigurationName = Release;
		};
/* End XCConfigurationList section */
	};
	rootObject = 7DC26DC0216A243A0004FABB /* Project object */;
}
